
Microsoft Visual Studio Solution File, Format Version 12.00
# Visual Studio Version 17
VisualStudioVersion = 17.0.32014.148
MinimumVisualStudioVersion = 10.0.40219.1
Project("{FAE04EC0-301F-11D3-BF4B-00C04F79EFBC}") = "NetCoreReact", "NetCoreReact.csproj", "{A042851C-EC2E-4CED-A9A5-6AC96F053B9B}"
EndProject
Global
	GlobalSection(SolutionConfigurationPlatforms) = preSolution
		Debug|Any CPU = Debug|Any CPU
		Release|Any CPU = Release|Any CPU
	EndGlobalSection
	GlobalSection(ProjectConfigurationPlatforms) = postSolution
		{A042851C-EC2E-4CED-A9A5-6AC96F053B9B}.Debug|Any CPU.ActiveCfg = Debug|Any CPU
		{A042851C-EC2E-4CED-A9A5-6AC96F053B9B}.Debug|Any CPU.Build.0 = Debug|Any CPU
		{A042851C-EC2E-4CED-A9A5-6AC96F053B9B}.Release|Any CPU.ActiveCfg = Release|Any CPU
		{A042851C-EC2E-4CED-A9A5-6AC96F053B9B}.Release|Any CPU.Build.0 = Release|Any CPU
	EndGlobalSection
	GlobalSection(SolutionProperties) = preSolution
		HideSolutionNode = FALSE
	EndGlobalSection
	GlobalSection(ExtensibilityGlobals) = postSolution
		SolutionGuid = {7909C474-48E7-491C-9324-CDDCD2AD2AC6}
	EndGlobalSection
EndGlobal
